
Microsoft Visual Studio Solution File, Format Version 12.00
# Visual Studio 15
VisualStudioVersion = 15.0.27703.2035
MinimumVisualStudioVersion = 10.0.40219.1
Project("{FAE04EC0-301F-11D3-BF4B-00C04F79EFBC}") = "TBC.Capital.Admin", "TBC.Capital.Admin\TBC.Capital.Admin.csproj", "{4CCE5A82-BD9C-40E3-AABC-C7C3B6F6737D}"
EndProject
Project("{FAE04EC0-301F-11D3-BF4B-00C04F79EFBC}") = "TBC.Capital.Bll", "TBC.Capital.Bll\TBC.Capital.Bll.csproj", "{3A531868-85AE-405E-9341-7C342BF053F7}"
EndProject
Project("{FAE04EC0-301F-11D3-BF4B-00C04F79EFBC}") = "TBC.Capital.Core", "TBC.Capital.Core\TBC.Capital.Core.csproj", "{CFC52790-5ADA-4306-91AC-A2DB68E707F9}"
EndProject
Project("{FAE04EC0-301F-11D3-BF4B-00C04F79EFBC}") = "TBC.Capital.Dal", "TBC.Capital.Dal\TBC.Capital.Dal.csproj", "{89943D87-3797-49E9-907B-916ADC9B6E8F}"
EndProject
Project("{FAE04EC0-301F-11D3-BF4B-00C04F79EFBC}") = "TBC.Capital.Api", "TBC.Capital.Api\TBC.Capital.Api.csproj", "{3C51F105-FA84-4C79-BD83-15B0912D666F}"
EndProject
Global
	GlobalSection(SolutionConfigurationPlatforms) = preSolution
		Debug|Any CPU = Debug|Any CPU
		Release|Any CPU = Release|Any CPU
	EndGlobalSection
	GlobalSection(ProjectConfigurationPlatforms) = postSolution
		{4CCE5A82-BD9C-40E3-AABC-C7C3B6F6737D}.Debug|Any CPU.ActiveCfg = Debug|Any CPU
		{4CCE5A82-BD9C-40E3-AABC-C7C3B6F6737D}.Debug|Any CPU.Build.0 = Debug|Any CPU
		{4CCE5A82-BD9C-40E3-AABC-C7C3B6F6737D}.Release|Any CPU.ActiveCfg = Release|Any CPU
		{4CCE5A82-BD9C-40E3-AABC-C7C3B6F6737D}.Release|Any CPU.Build.0 = Release|Any CPU
		{3A531868-85AE-405E-9341-7C342BF053F7}.Debug|Any CPU.ActiveCfg = Debug|Any CPU
		{3A531868-85AE-405E-9341-7C342BF053F7}.Debug|Any CPU.Build.0 = Debug|Any CPU
		{3A531868-85AE-405E-9341-7C342BF053F7}.Release|Any CPU.ActiveCfg = Release|Any CPU
		{3A531868-85AE-405E-9341-7C342BF053F7}.Release|Any CPU.Build.0 = Release|Any CPU
		{CFC52790-5ADA-4306-91AC-A2DB68E707F9}.Debug|Any CPU.ActiveCfg = Debug|Any CPU
		{CFC52790-5ADA-4306-91AC-A2DB68E707F9}.Debug|Any CPU.Build.0 = Debug|Any CPU
		{CFC52790-5ADA-4306-91AC-A2DB68E707F9}.Release|Any CPU.ActiveCfg = Release|Any CPU
		{CFC52790-5ADA-4306-91AC-A2DB68E707F9}.Release|Any CPU.Build.0 = Release|Any CPU
		{89943D87-3797-49E9-907B-916ADC9B6E8F}.Debug|Any CPU.ActiveCfg = Debug|Any CPU
		{89943D87-3797-49E9-907B-916ADC9B6E8F}.Debug|Any CPU.Build.0 = Debug|Any CPU
		{89943D87-3797-49E9-907B-916ADC9B6E8F}.Release|Any CPU.ActiveCfg = Release|Any CPU
		{89943D87-3797-49E9-907B-916ADC9B6E8F}.Release|Any CPU.Build.0 = Release|Any CPU
		{3C51F105-FA84-4C79-BD83-15B0912D666F}.Debug|Any CPU.ActiveCfg = Debug|Any CPU
		{3C51F105-FA84-4C79-BD83-15B0912D666F}.Debug|Any CPU.Build.0 = Debug|Any CPU
		{3C51F105-FA84-4C79-BD83-15B0912D666F}.Release|Any CPU.ActiveCfg = Release|Any CPU
		{3C51F105-FA84-4C79-BD83-15B0912D666F}.Release|Any CPU.Build.0 = Release|Any CPU
	EndGlobalSection
	GlobalSection(SolutionProperties) = preSolution
		HideSolutionNode = FALSE
	EndGlobalSection
	GlobalSection(ExtensibilityGlobals) = postSolution
		SolutionGuid = {DCF79E09-2236-49CE-A80D-9E0D3DC236E6}
	EndGlobalSection
EndGlobal
